
Microsoft Visual Studio Solution File, Format Version 12.00
Project("{FAE04EC0-301F-11D3-BF4B-00C04F79EFBC}") = "GrpcService", "GrpcService\GrpcService.csproj", "{40B7AB9B-7170-4C85-8BBE-59D4C4B91DB9}"
EndProject
Project("{FAE04EC0-301F-11D3-BF4B-00C04F79EFBC}") = "GrpcClient", "GrpcClient\GrpcClient.csproj", "{C3859ED0-2E0F-4B5E-BE4F-F92842943299}"
EndProject
Global
	GlobalSection(SolutionConfigurationPlatforms) = preSolution
		Debug|Any CPU = Debug|Any CPU
		Release|Any CPU = Release|Any CPU
	EndGlobalSection
	GlobalSection(ProjectConfigurationPlatforms) = postSolution
		{40B7AB9B-7170-4C85-8BBE-59D4C4B91DB9}.Debug|Any CPU.ActiveCfg = Debug|Any CPU
		{40B7AB9B-7170-4C85-8BBE-59D4C4B91DB9}.Debug|Any CPU.Build.0 = Debug|Any CPU
		{40B7AB9B-7170-4C85-8BBE-59D4C4B91DB9}.Release|Any CPU.ActiveCfg = Release|Any CPU
		{40B7AB9B-7170-4C85-8BBE-59D4C4B91DB9}.Release|Any CPU.Build.0 = Release|Any CPU
		{C3859ED0-2E0F-4B5E-BE4F-F92842943299}.Debug|Any CPU.ActiveCfg = Debug|Any CPU
		{C3859ED0-2E0F-4B5E-BE4F-F92842943299}.Debug|Any CPU.Build.0 = Debug|Any CPU
		{C3859ED0-2E0F-4B5E-BE4F-F92842943299}.Release|Any CPU.ActiveCfg = Release|Any CPU
		{C3859ED0-2E0F-4B5E-BE4F-F92842943299}.Release|Any CPU.Build.0 = Release|Any CPU
	EndGlobalSection
EndGlobal
